
Microsoft Visual Studio Solution File, Format Version 12.00
# Visual Studio Version 17
VisualStudioVersion = 17.5.33424.131
MinimumVisualStudioVersion = 10.0.40219.1
Project("{FAE04EC0-301F-11D3-BF4B-00C04F79EFBC}") = "WPFHW2", "WPFHW2\WPFHW2.csproj", "{2F086D29-1EDF-4F9D-BFD1-9ED691149FCF}"
EndProject
Global
	GlobalSection(SolutionConfigurationPlatforms) = preSolution
		Debug|Any CPU = Debug|Any CPU
		Release|Any CPU = Release|Any CPU
	EndGlobalSection
	GlobalSection(ProjectConfigurationPlatforms) = postSolution
		{2F086D29-1EDF-4F9D-BFD1-9ED691149FCF}.Debug|Any CPU.ActiveCfg = Debug|Any CPU
		{2F086D29-1EDF-4F9D-BFD1-9ED691149FCF}.Debug|Any CPU.Build.0 = Debug|Any CPU
		{2F086D29-1EDF-4F9D-BFD1-9ED691149FCF}.Release|Any CPU.ActiveCfg = Release|Any CPU
		{2F086D29-1EDF-4F9D-BFD1-9ED691149FCF}.Release|Any CPU.Build.0 = Release|Any CPU
	EndGlobalSection
	GlobalSection(SolutionProperties) = preSolution
		HideSolutionNode = FALSE
	EndGlobalSection
	GlobalSection(ExtensibilityGlobals) = postSolution
		SolutionGuid = {0CEE9132-4402-407D-A31D-DDA68F2F9D4B}
	EndGlobalSection
EndGlobal
